
Microsoft Visual Studio Solution File, Format Version 12.00
# Visual Studio Version 16
VisualStudioVersion = 16.0.31702.278
MinimumVisualStudioVersion = 10.0.40219.1
Project("{888888A0-9F3D-457C-B088-3A5042F75D52}") = "usergen", "usergen\usergen.pyproj", "{08A8D64B-2F52-42E1-886B-5CE14C1B5998}"
EndProject
Global
	GlobalSection(SolutionConfigurationPlatforms) = preSolution
		Debug|Any CPU = Debug|Any CPU
		Release|Any CPU = Release|Any CPU
	EndGlobalSection
	GlobalSection(ProjectConfigurationPlatforms) = postSolution
		{08A8D64B-2F52-42E1-886B-5CE14C1B5998}.Debug|Any CPU.ActiveCfg = Debug|Any CPU
		{08A8D64B-2F52-42E1-886B-5CE14C1B5998}.Release|Any CPU.ActiveCfg = Release|Any CPU
	EndGlobalSection
	GlobalSection(SolutionProperties) = preSolution
		HideSolutionNode = FALSE
	EndGlobalSection
	GlobalSection(ExtensibilityGlobals) = postSolution
		SolutionGuid = {8CE3DA16-5141-4DF0-8075-A93C53323935}
	EndGlobalSection
EndGlobal
